// !$*UTF8*$!
{
	archiveVersion = 1;
	classes = {
	};
	objectVersion = 46;
	objects = {

/* Begin PBXBuildFile section */
		6EE438C11E184B720018388E /* AppDelegate.swift in Sources */ = {isa = PBXBuildFile; fileRef = 6EE438C01E184B720018388E /* AppDelegate.swift */; };
		6EE438C31E184B720018388E /* ViewController.swift in Sources */ = {isa = PBXBuildFile; fileRef = 6EE438C21E184B720018388E /* ViewController.swift */; };
		6EE438C61E184B720018388E /* Main.storyboard in Resources */ = {isa = PBXBuildFile; fileRef = 6EE438C41E184B720018388E /* Main.storyboard */; };
		6EE438C81E184B720018388E /* Assets.xcassets in Resources */ = {isa = PBXBuildFile; fileRef = 6EE438C71E184B720018388E /* Assets.xcassets */; };
		6EE438CB1E184B720018388E /* LaunchScreen.storyboard in Resources */ = {isa = PBXBuildFile; fileRef = 6EE438C91E184B720018388E /* LaunchScreen.storyboard */; };
		6EE438D61E184B720018388E /* TipperTests.swift in Sources */ = {isa = PBXBuildFile; fileRef = 6EE438D51E184B720018388E /* TipperTests.swift */; };
		6EE438E11E184B720018388E /* TipperUITests.swift in Sources */ = {isa = PBXBuildFile; fileRef = 6EE438E01E184B720018388E /* TipperUITests.swift */; };
/* End PBXBuildFile section */

/* Begin PBXContainerItemProxy section */
		6EE438D21E184B720018388E /* PBXContainerItemProxy */ = {
			isa = PBXContainerItemProxy;
			containerPortal = 6EE438B51E184B710018388E /* Project object */;
			proxyType = 1;
			remoteGlobalIDString = 6EE438BC1E184B710018388E;
			remoteInfo = Tipper;
		};
		6EE438DD1E184B720018388E /* PBXContainerItemProxy */ = {
			isa = PBXContainerItemProxy;
			containerPortal = 6EE438B51E184B710018388E /* Project object */;
			proxyType = 1;
			remoteGlobalIDString = 6EE438BC1E184B710018388E;
			remoteInfo = Tipper;
		};
/* End PBXContainerItemProxy section */

/* Begin PBXFileReference section */
		6EE438BD1E184B720018388E /* Tipper.app */ = {isa = PBXFileReference; explicitFileType = wrapper.application; includeInIndex = 0; path = Tipper.app; sourceTree = BUILT_PRODUCTS_DIR; };
		6EE438C01E184B720018388E /* AppDelegate.swift */ = {isa = PBXFileReference; lastKnownFileType = sourcecode.swift; path = AppDelegate.swift; sourceTree = "<group>"; };
		6EE438C21E184B720018388E /* ViewController.swift */ = {isa = PBXFileReference; lastKnownFileType = sourcecode.swift; path = ViewController.swift; sourceTree = "<group>"; };
		6EE438C51E184B720018388E /* Base */ = {isa = PBXFileReference; lastKnownFileType = file.storyboard; name = Base; path = Base.lproj/Main.storyboard; sourceTree = "<group>"; };
		6EE438C71E184B720018388E /* Assets.xcassets */ = {isa = PBXFileReference; lastKnownFileType = folder.assetcatalog; path = Assets.xcassets; sourceTree = "<group>"; };
		6EE438CA1E184B720018388E /* Base */ = {isa = PBXFileReference; lastKnownFileType = file.storyboard; name = Base; path = Base.lproj/LaunchScreen.storyboard; sourceTree = "<group>"; };
		6EE438CC1E184B720018388E /* Info.plist */ = {isa = PBXFileReference; lastKnownFileType = text.plist.xml; path = Info.plist; sourceTree = "<group>"; };
		6EE438D11E184B720018388E /* TipperTests.xctest */ = {isa = PBXFileReference; explicitFileType = wrapper.cfbundle; includeInIndex = 0; path = TipperTests.xctest; sourceTree = BUILT_PRODUCTS_DIR; };
		6EE438D51E184B720018388E /* TipperTests.swift */ = {isa = PBXFileReference; lastKnownFileType = sourcecode.swift; path = TipperTests.swift; sourceTree = "<group>"; };
		6EE438D71E184B720018388E /* Info.plist */ = {isa = PBXFileReference; lastKnownFileType = text.plist.xml; path = Info.plist; sourceTree = "<group>"; };
		6EE438DC1E184B720018388E /* TipperUITests.xctest */ = {isa = PBXFileReference; explicitFileType = wrapper.cfbundle; includeInIndex = 0; path = TipperUITests.xctest; sourceTree = BUILT_PRODUCTS_DIR; };
		6EE438E01E184B720018388E /* TipperUITests.swift */ = {isa = PBXFileReference; lastKnownFileType = sourcecode.swift; path = TipperUITests.swift; sourceTree = "<group>"; };
		6EE438E21E184B720018388E /* Info.plist */ = {isa = PBXFileReference; lastKnownFileType = text.plist.xml; path = Info.plist; sourceTree = "<group>"; };
/* End PBXFileReference section */

/* Begin PBXFrameworksBuildPhase section */
		6EE438BA1E184B710018388E /* Frameworks */ = {
			isa = PBXFrameworksBuildPhase;
			buildActionMask = 2147483647;
			files = (
			);
			runOnlyForDeploymentPostprocessing = 0;
		};
		6EE438CE1E184B720018388E /* Frameworks */ = {
			isa = PBXFrameworksBuildPhase;
			buildActionMask = 2147483647;
			files = (
			);
			runOnlyForDeploymentPostprocessing = 0;
		};
		6EE438D91E184B720018388E /* Frameworks */ = {
			isa = PBXFrameworksBuildPhase;
			buildActionMask = 2147483647;
			files = (
			);
			runOnlyForDeploymentPostprocessing = 0;
		};
/* End PBXFrameworksBuildPhase section */

/* Begin PBXGroup section */
		6EE438B41E184B710018388E = {
			isa = PBXGroup;
			children = (
				6EE438BF1E184B720018388E /* Tipper */,
				6EE438D41E184B720018388E /* TipperTests */,
				6EE438DF1E184B720018388E /* TipperUITests */,
				6EE438BE1E184B720018388E /* Products */,
			);
			sourceTree = "<group>";
		};
		6EE438BE1E184B720018388E /* Products */ = {
			isa = PBXGroup;
			children = (
				6EE438BD1E184B720018388E /* Tipper.app */,
				6EE438D11E184B720018388E /* TipperTests.xctest */,
				6EE438DC1E184B720018388E /* TipperUITests.xctest */,
			);
			name = Products;
			sourceTree = "<group>";
		};
		6EE438BF1E184B720018388E /* Tipper */ = {
			isa = PBXGroup;
			children = (
				6EE438C01E184B720018388E /* AppDelegate.swift */,
				6EE438C21E184B720018388E /* ViewController.swift */,
				6EE438C41E184B720018388E /* Main.storyboard */,
				6EE438C71E184B720018388E /* Assets.xcassets */,
				6EE438C91E184B720018388E /* LaunchScreen.storyboard */,
				6EE438CC1E184B720018388E /* Info.plist */,
			);
			path = Tipper;
			sourceTree = "<group>";
		};
		6EE438D41E184B720018388E /* TipperTests */ = {
			isa = PBXGroup;
			children = (
				6EE438D51E184B720018388E /* TipperTests.swift */,
				6EE438D71E184B720018388E /* Info.plist */,
			);
			path = TipperTests;
			sourceTree = "<group>";
		};
		6EE438DF1E184B720018388E /* TipperUITests */ = {
			isa = PBXGroup;
			children = (
				6EE438E01E184B720018388E /* TipperUITests.swift */,
				6EE438E21E184B720018388E /* Info.plist */,
			);
			path = TipperUITests;
			sourceTree = "<group>";
		};
/* End PBXGroup section */

/* Begin PBXNativeTarget section */
		6EE438BC1E184B710018388E /* Tipper */ = {
			isa = PBXNativeTarget;
			buildConfigurationList = 6EE438E51E184B720018388E /* Build configuration list for PBXNativeTarget "Tipper" */;
			buildPhases = (
				6EE438B91E184B710018388E /* Sources */,
				6EE438BA1E184B710018388E /* Frameworks */,
				6EE438BB1E184B710018388E /* Resources */,
			);
			buildRules = (
			);
			dependencies = (
			);
			name = Tipper;
			productName = Tipper;
			productReference = 6EE438BD1E184B720018388E /* Tipper.app */;
			productType = "com.apple.product-type.application";
		};
		6EE438D01E184B720018388E /* TipperTests */ = {
			isa = PBXNativeTarget;
			buildConfigurationList = 6EE438E81E184B720018388E /* Build configuration list for PBXNativeTarget "TipperTests" */;
			buildPhases = (
				6EE438CD1E184B720018388E /* Sources */,
				6EE438CE1E184B720018388E /* Frameworks */,
				6EE438CF1E184B720018388E /* Resources */,
			);
			buildRules = (
			);
			dependencies = (
				6EE438D31E184B720018388E /* PBXTargetDependency */,
			);
			name = TipperTests;
			productName = TipperTests;
			productReference = 6EE438D11E184B720018388E /* TipperTests.xctest */;
			productType = "com.apple.product-type.bundle.unit-test";
		};
		6EE438DB1E184B720018388E /* TipperUITests */ = {
			isa = PBXNativeTarget;
			buildConfigurationList = 6EE438EB1E184B720018388E /* Build configuration list for PBXNativeTarget "TipperUITests" */;
			buildPhases = (
				6EE438D81E184B720018388E /* Sources */,
				6EE438D91E184B720018388E /* Frameworks */,
				6EE438DA1E184B720018388E /* Resources */,
			);
			buildRules = (
			);
			dependencies = (
				6EE438DE1E184B720018388E /* PBXTargetDependency */,
			);
			name = TipperUITests;
			productName = TipperUITests;
			productReference = 6EE438DC1E184B720018388E /* TipperUITests.xctest */;
			productType = "com.apple.product-type.bundle.ui-testing";
		};
/* End PBXNativeTarget section */

/* Begin PBXProject section */
		6EE438B51E184B710018388E /* Project object */ = {
			isa = PBXProject;
			attributes = {
				LastSwiftUpdateCheck = 0820;
				LastUpgradeCheck = 0820;
				ORGANIZATIONNAME = "Nick Hasjim";
				TargetAttributes = {
					6EE438BC1E184B710018388E = {
						CreatedOnToolsVersion = 8.2.1;
						DevelopmentTeam = 4TYCMS4J2W;
						ProvisioningStyle = Automatic;
					};
					6EE438D01E184B720018388E = {
						CreatedOnToolsVersion = 8.2.1;
						DevelopmentTeam = 4TYCMS4J2W;
						ProvisioningStyle = Automatic;
						TestTargetID = 6EE438BC1E184B710018388E;
					};
					6EE438DB1E184B720018388E = {
						CreatedOnToolsVersion = 8.2.1;
						DevelopmentTeam = 4TYCMS4J2W;
						ProvisioningStyle = Automatic;
						TestTargetID = 6EE438BC1E184B710018388E;
					};
				};
			};
			buildConfigurationList = 6EE438B81E184B710018388E /* Build configuration list for PBXProject "Tipper" */;
			compatibilityVersion = "Xcode 3.2";
			developmentRegion = English;
			hasScannedForEncodings = 0;
			knownRegions = (
				en,
				Base,
			);
			mainGroup = 6EE438B41E184B710018388E;
			productRefGroup = 6EE438BE1E184B720018388E /* Products */;
			projectDirPath = "";
			projectRoot = "";
			targets = (
				6EE438BC1E184B710018388E /* Tipper */,
				6EE438D01E184B720018388E /* TipperTests */,
				6EE438DB1E184B720018388E /* TipperUITests */,
			);
		};
/* End PBXProject section */

/* Begin PBXResourcesBuildPhase section */
		6EE438BB1E184B710018388E /* Resources */ = {
			isa = PBXResourcesBuildPhase;
			buildActionMask = 2147483647;
			files = (
				6EE438CB1E184B720018388E /* LaunchScreen.storyboard in Resources */,
				6EE438C81E184B720018388E /* Assets.xcassets in Resources */,
				6EE438C61E184B720018388E /* Main.storyboard in Resources */,
			);
			runOnlyForDeploymentPostprocessing = 0;
		};
		6EE438CF1E184B720018388E /* Resources */ = {
			isa = PBXResourcesBuildPhase;
			buildActionMask = 2147483647;
			files = (
			);
			runOnlyForDeploymentPostprocessing = 0;
		};
		6EE438DA1E184B720018388E /* Resources */ = {
			isa = PBXResourcesBuildPhase;
			buildActionMask = 2147483647;
			files = (
			);
			runOnlyForDeploymentPostprocessing = 0;
		};
/* End PBXResourcesBuildPhase section */

/* Begin PBXSourcesBuildPhase section */
		6EE438B91E184B710018388E /* Sources */ = {
			isa = PBXSourcesBuildPhase;
			buildActionMask = 2147483647;
			files = (
				6EE438C31E184B720018388E /* ViewController.swift in Sources */,
				6EE438C11E184B720018388E /* AppDelegate.swift in Sources */,
			);
			runOnlyForDeploymentPostprocessing = 0;
		};
		6EE438CD1E184B720018388E /* Sources */ = {
			isa = PBXSourcesBuildPhase;
			buildActionMask = 2147483647;
			files = (
				6EE438D61E184B720018388E /* TipperTests.swift in Sources */,
			);
			runOnlyForDeploymentPostprocessing = 0;
		};
		6EE438D81E184B720018388E /* Sources */ = {
			isa = PBXSourcesBuildPhase;
			buildActionMask = 2147483647;
			files = (
				6EE438E11E184B720018388E /* TipperUITests.swift in Sources */,
			);
			runOnlyForDeploymentPostprocessing = 0;
		};
/* End PBXSourcesBuildPhase section */

/* Begin PBXTargetDependency section */
		6EE438D31E184B720018388E /* PBXTargetDependency */ = {
			isa = PBXTargetDependency;
			target = 6EE438BC1E184B710018388E /* Tipper */;
			targetProxy = 6EE438D21E184B720018388E /* PBXContainerItemProxy */;
		};
		6EE438DE1E184B720018388E /* PBXTargetDependency */ = {
			isa = PBXTargetDependency;
			target = 6EE438BC1E184B710018388E /* Tipper */;
			targetProxy = 6EE438DD1E184B720018388E /* PBXContainerItemProxy */;
		};
/* End PBXTargetDependency section */

/* Begin PBXVariantGroup section */
		6EE438C41E184B720018388E /* Main.storyboard */ = {
			isa = PBXVariantGroup;
			children = (
				6EE438C51E184B720018388E /* Base */,
			);
			name = Main.storyboard;
			sourceTree = "<group>";
		};
		6EE438C91E184B720018388E /* LaunchScreen.storyboard */ = {
			isa = PBXVariantGroup;
			children = (
				6EE438CA1E184B720018388E /* Base */,
			);
			name = LaunchScreen.storyboard;
			sourceTree = "<group>";
		};
/* End PBXVariantGroup section */

/* Begin XCBuildConfiguration section */
		6EE438E31E184B720018388E /* Debug */ = {
			isa = XCBuildConfiguration;
			buildSettings = {
				ALWAYS_SEARCH_USER_PATHS = NO;
				CLANG_ANALYZER_NONNULL = YES;
				CLANG_CXX_LANGUAGE_STANDARD = "gnu++0x";
				CLANG_CXX_LIBRARY = "libc++";
				CLANG_ENABLE_MODULES = YES;
				CLANG_ENABLE_OBJC_ARC = YES;
				CLANG_WARN_BOOL_CONVERSION = YES;
				CLANG_WARN_CONSTANT_CONVERSION = YES;
				CLANG_WARN_DIRECT_OBJC_ISA_USAGE = YES_ERROR;
				CLANG_WARN_DOCUMENTATION_COMMENTS = YES;
				CLANG_WARN_EMPTY_BODY = YES;
				CLANG_WARN_ENUM_CONVERSION = YES;
				CLANG_WARN_INFINITE_RECURSION = YES;
				CLANG_WARN_INT_CONVERSION = YES;
				CLANG_WARN_OBJC_ROOT_CLASS = YES_ERROR;
				CLANG_WARN_SUSPICIOUS_MOVE = YES;
				CLANG_WARN_UNREACHABLE_CODE = YES;
				CLANG_WARN__DUPLICATE_METHOD_MATCH = YES;
				"CODE_SIGN_IDENTITY[sdk=iphoneos*]" = "iPhone Developer";
				COPY_PHASE_STRIP = NO;
				DEBUG_INFORMATION_FORMAT = dwarf;
				ENABLE_STRICT_OBJC_MSGSEND = YES;
				ENABLE_TESTABILITY = YES;
				GCC_C_LANGUAGE_STANDARD = gnu99;
				GCC_DYNAMIC_NO_PIC = NO;
				GCC_NO_COMMON_BLOCKS = YES;
				GCC_OPTIMIZATION_LEVEL = 0;
				GCC_PREPROCESSOR_DEFINITIONS = (
					"DEBUG=1",
					"$(inherited)",
				);
				GCC_WARN_64_TO_32_BIT_CONVERSION = YES;
				GCC_WARN_ABOUT_RETURN_TYPE = YES_ERROR;
				GCC_WARN_UNDECLARED_SELECTOR = YES;
				GCC_WARN_UNINITIALIZED_AUTOS = YES_AGGRESSIVE;
				GCC_WARN_UNUSED_FUNCTION = YES;
				GCC_WARN_UNUSED_VARIABLE = YES;
				IPHONEOS_DEPLOYMENT_TARGET = 10.2;
				MTL_ENABLE_DEBUG_INFO = YES;
				ONLY_ACTIVE_ARCH = YES;
				SDKROOT = iphoneos;
				SWIFT_ACTIVE_COMPILATION_CONDITIONS = DEBUG;
				SWIFT_OPTIMIZATION_LEVEL = "-Onone";
				TARGETED_DEVICE_FAMILY = "1,2";
			};
			name = Debug;
		};
		6EE438E41E184B720018388E /* Release */ = {
			isa = XCBuildConfiguration;
			buildSettings = {
				ALWAYS_SEARCH_USER_PATHS = NO;
				CLANG_ANALYZER_NONNULL = YES;
				CLANG_CXX_LANGUAGE_STANDARD = "gnu++0x";
				CLANG_CXX_LIBRARY = "libc++";
				CLANG_ENABLE_MODULES = YES;
				CLANG_ENABLE_OBJC_ARC = YES;
				CLANG_WARN_BOOL_CONVERSION = YES;
				CLANG_WARN_CONSTANT_CONVERSION = YES;
				CLANG_WARN_DIRECT_OBJC_ISA_USAGE = YES_ERROR;
				CLANG_WARN_DOCUMENTATION_COMMENTS = YES;
				CLANG_WARN_EMPTY_BODY = YES;
				CLANG_WARN_ENUM_CONVERSION = YES;
				CLANG_WARN_INFINITE_RECURSION = YES;
				CLANG_WARN_INT_CONVERSION = YES;
				CLANG_WARN_OBJC_ROOT_CLASS = YES_ERROR;
				CLANG_WARN_SUSPICIOUS_MOVE = YES;
				CLANG_WARN_UNREACHABLE_CODE = YES;
				CLANG_WARN__DUPLICATE_METHOD_MATCH = YES;
				"CODE_SIGN_IDENTITY[sdk=iphoneos*]" = "iPhone Developer";
				COPY_PHASE_STRIP = NO;
				DEBUG_INFORMATION_FORMAT = "dwarf-with-dsym";
				ENABLE_NS_ASSERTIONS = NO;
				ENABLE_STRICT_OBJC_MSGSEND = YES;
				GCC_C_LANGUAGE_STANDARD = gnu99;
				GCC_NO_COMMON_BLOCKS = YES;
				GCC_WARN_64_TO_32_BIT_CONVERSION = YES;
				GCC_WARN_ABOUT_RETURN_TYPE = YES_ERROR;
				GCC_WARN_UNDECLARED_SELECTOR = YES;
				GCC_WARN_UNINITIALIZED_AUTOS = YES_AGGRESSIVE;
				GCC_WARN_UNUSED_FUNCTION = YES;
				GCC_WARN_UNUSED_VARIABLE = YES;
				IPHONEOS_DEPLOYMENT_TARGET = 10.2;
				MTL_ENABLE_DEBUG_INFO = NO;
				SDKROOT = iphoneos;
				SWIFT_OPTIMIZATION_LEVEL = "-Owholemodule";
				TARGETED_DEVICE_FAMILY = "1,2";
				VALIDATE_PRODUCT = YES;
			};
			name = Release;
		};
		6EE438E61E184B720018388E /* Debug */ = {
			isa = XCBuildConfiguration;
			buildSettings = {
				ASSETCATALOG_COMPILER_APPICON_NAME = AppIcon;
				DEVELOPMENT_TEAM = 4TYCMS4J2W;
				INFOPLIST_FILE = Tipper/Info.plist;
				LD_RUNPATH_SEARCH_PATHS = "$(inherited) @executable_path/Frameworks";
				PRODUCT_BUNDLE_IDENTIFIER = codepath.Tipper;
				PRODUCT_NAME = "$(TARGET_NAME)";
				SWIFT_VERSION = 3.0;
			};
			name = Debug;
		};
		6EE438E71E184B720018388E /* Release */ = {
			isa = XCBuildConfiguration;
			buildSettings = {
				ASSETCATALOG_COMPILER_APPICON_NAME = AppIcon;
				DEVELOPMENT_TEAM = 4TYCMS4J2W;
				INFOPLIST_FILE = Tipper/Info.plist;
				LD_RUNPATH_SEARCH_PATHS = "$(inherited) @executable_path/Frameworks";
				PRODUCT_BUNDLE_IDENTIFIER = codepath.Tipper;
				PRODUCT_NAME = "$(TARGET_NAME)";
				SWIFT_VERSION = 3.0;
			};
			name = Release;
		};
		6EE438E91E184B720018388E /* Debug */ = {
			isa = XCBuildConfiguration;
			buildSettings = {
				ALWAYS_EMBED_SWIFT_STANDARD_LIBRARIES = YES;
				BUNDLE_LOADER = "$(TEST_HOST)";
				DEVELOPMENT_TEAM = 4TYCMS4J2W;
				INFOPLIST_FILE = TipperTests/Info.plist;
				LD_RUNPATH_SEARCH_PATHS = "$(inherited) @executable_path/Frameworks @loader_path/Frameworks";
				PRODUCT_BUNDLE_IDENTIFIER = codepath.TipperTests;
				PRODUCT_NAME = "$(TARGET_NAME)";
				SWIFT_VERSION = 3.0;
				TEST_HOST = "$(BUILT_PRODUCTS_DIR)/Tipper.app/Tipper";
			};
			name = Debug;
		};
		6EE438EA1E184B720018388E /* Release */ = {
			isa = XCBuildConfiguration;
			buildSettings = {
				ALWAYS_EMBED_SWIFT_STANDARD_LIBRARIES = YES;
				BUNDLE_LOADER = "$(TEST_HOST)";
				DEVELOPMENT_TEAM = 4TYCMS4J2W;
				INFOPLIST_FILE = TipperTests/Info.plist;
				LD_RUNPATH_SEARCH_PATHS = "$(inherited) @executable_path/Frameworks @loader_path/Frameworks";
				PRODUCT_BUNDLE_IDENTIFIER = codepath.TipperTests;
				PRODUCT_NAME = "$(TARGET_NAME)";
				SWIFT_VERSION = 3.0;
				TEST_HOST = "$(BUILT_PRODUCTS_DIR)/Tipper.app/Tipper";
			};
			name = Release;
		};
		6EE438EC1E184B720018388E /* Debug */ = {
			isa = XCBuildConfiguration;
			buildSettings = {
				ALWAYS_EMBED_SWIFT_STANDARD_LIBRARIES = YES;
				DEVELOPMENT_TEAM = 4TYCMS4J2W;
				INFOPLIST_FILE = TipperUITests/Info.plist;
				LD_RUNPATH_SEARCH_PATHS = "$(inherited) @executable_path/Frameworks @loader_path/Frameworks";
				PRODUCT_BUNDLE_IDENTIFIER = codepath.TipperUITests;
				PRODUCT_NAME = "$(TARGET_NAME)";
				SWIFT_VERSION = 3.0;
				TEST_TARGET_NAME = Tipper;
			};
			name = Debug;
		};
		6EE438ED1E184B720018388E /* Release */ = {
			isa = XCBuildConfiguration;
			buildSettings = {
				ALWAYS_EMBED_SWIFT_STANDARD_LIBRARIES = YES;
				DEVELOPMENT_TEAM = 4TYCMS4J2W;
				INFOPLIST_FILE = TipperUITests/Info.plist;
				LD_RUNPATH_SEARCH_PATHS = "$(inherited) @executable_path/Frameworks @loader_path/Frameworks";
				PRODUCT_BUNDLE_IDENTIFIER = codepath.TipperUITests;
				PRODUCT_NAME = "$(TARGET_NAME)";
				SWIFT_VERSION = 3.0;
				TEST_TARGET_NAME = Tipper;
			};
			name = Release;
		};
/* End XCBuildConfiguration section */

/* Begin XCConfigurationList section */
		6EE438B81E184B710018388E /* Build configuration list for PBXProject "Tipper" */ = {
			isa = XCConfigurationList;
			buildConfigurations = (
				6EE438E31E184B720018388E /* Debug */,
				6EE438E41E184B720018388E /* Release */,
			);
			defaultConfigurationIsVisible = 0;
			defaultConfigurationName = Release;
		};
		6EE438E51E184B720018388E /* Build configuration list for PBXNativeTarget "Tipper" */ = {
			isa = XCConfigurationList;
			buildConfigurations = (
				6EE438E61E184B720018388E /* Debug */,
				6EE438E71E184B720018388E /* Release */,
			);
			defaultConfigurationIsVisible = 0;
		};
		6EE438E81E184B720018388E /* Build configuration list for PBXNativeTarget "TipperTests" */ = {
			isa = XCConfigurationList;
			buildConfigurations = (
				6EE438E91E184B720018388E /* Debug */,
				6EE438EA1E184B720018388E /* Release */,
			);
			defaultConfigurationIsVisible = 0;
		};
		6EE438EB1E184B720018388E /* Build configuration list for PBXNativeTarget "TipperUITests" */ = {
			isa = XCConfigurationList;
			buildConfigurations = (
				6EE438EC1E184B720018388E /* Debug */,
				6EE438ED1E184B720018388E /* Release */,
			);
			defaultConfigurationIsVisible = 0;
		};
/* End XCConfigurationList section */
	};
	rootObject = 6EE438B51E184B710018388E /* Project object */;
}
